
Microsoft Visual Studio Solution File, Format Version 12.00
# Visual Studio Version 17
VisualStudioVersion = 17.14.36414.22 d17.14
MinimumVisualStudioVersion = 10.0.40219.1
Project("{FAE04EC0-301F-11D3-BF4B-00C04F79EFBC}") = "Semana 4", "Semana 4.csproj", "{6575FE77-7DB6-4423-B511-DA0F538C31E9}"
EndProject
Global
	GlobalSection(SolutionConfigurationPlatforms) = preSolution
		Debug|Any CPU = Debug|Any CPU
		Release|Any CPU = Release|Any CPU
	EndGlobalSection
	GlobalSection(ProjectConfigurationPlatforms) = postSolution
		{6575FE77-7DB6-4423-B511-DA0F538C31E9}.Debug|Any CPU.ActiveCfg = Debug|Any CPU
		{6575FE77-7DB6-4423-B511-DA0F538C31E9}.Debug|Any CPU.Build.0 = Debug|Any CPU
		{6575FE77-7DB6-4423-B511-DA0F538C31E9}.Release|Any CPU.ActiveCfg = Release|Any CPU
		{6575FE77-7DB6-4423-B511-DA0F538C31E9}.Release|Any CPU.Build.0 = Release|Any CPU
	EndGlobalSection
	GlobalSection(SolutionProperties) = preSolution
		HideSolutionNode = FALSE
	EndGlobalSection
	GlobalSection(ExtensibilityGlobals) = postSolution
		SolutionGuid = {6B18751F-00FE-4660-B990-B94F76531D6A}
	EndGlobalSection
EndGlobal
