
Microsoft Visual Studio Solution File, Format Version 12.00
# Visual Studio Version 17
VisualStudioVersion = 17.14.36414.22
MinimumVisualStudioVersion = 10.0.40219.1
Project("{FAE04EC0-301F-11D3-BF4B-00C04F79EFBC}") = "ClubDeportivo", "ClubDeportivo.csproj", "{B5721B12-EA98-4FB4-9A40-5B5879A69CCE}"
EndProject
Global
	GlobalSection(SolutionConfigurationPlatforms) = preSolution
		Debug|Any CPU = Debug|Any CPU
		Release|Any CPU = Release|Any CPU
	EndGlobalSection
	GlobalSection(ProjectConfigurationPlatforms) = postSolution
		{B5721B12-EA98-4FB4-9A40-5B5879A69CCE}.Debug|Any CPU.ActiveCfg = Debug|Any CPU
		{B5721B12-EA98-4FB4-9A40-5B5879A69CCE}.Debug|Any CPU.Build.0 = Debug|Any CPU
		{B5721B12-EA98-4FB4-9A40-5B5879A69CCE}.Release|Any CPU.ActiveCfg = Release|Any CPU
		{B5721B12-EA98-4FB4-9A40-5B5879A69CCE}.Release|Any CPU.Build.0 = Release|Any CPU
	EndGlobalSection
	GlobalSection(SolutionProperties) = preSolution
		HideSolutionNode = FALSE
	EndGlobalSection
	GlobalSection(ExtensibilityGlobals) = postSolution
		SolutionGuid = {5A97BB47-6B7E-4400-A423-473428CBA5BD}
	EndGlobalSection
EndGlobal
